// !$*UTF8*$!
{
	archiveVersion = 1;
	classes = {
	};
	objectVersion = 46;
	objects = {

/* Begin PBXBuildFile section */
		8991D7971E535EE700D7C69E /* AppDelegate.swift in Sources */ = {isa = PBXBuildFile; fileRef = 8991D7961E535EE700D7C69E /* AppDelegate.swift */; };
		8991D79C1E535EE700D7C69E /* Main.storyboard in Resources */ = {isa = PBXBuildFile; fileRef = 8991D79A1E535EE700D7C69E /* Main.storyboard */; };
		8991D79E1E535EE700D7C69E /* Assets.xcassets in Resources */ = {isa = PBXBuildFile; fileRef = 8991D79D1E535EE700D7C69E /* Assets.xcassets */; };
		8991D7A11E535EE700D7C69E /* LaunchScreen.storyboard in Resources */ = {isa = PBXBuildFile; fileRef = 8991D79F1E535EE700D7C69E /* LaunchScreen.storyboard */; };
		8991D7A91E535F6C00D7C69E /* NewsTableViewCell.swift in Sources */ = {isa = PBXBuildFile; fileRef = 8991D7A81E535F6C00D7C69E /* NewsTableViewCell.swift */; };
		8991D7AB1E5360F300D7C69E /* NewsViewController.swift in Sources */ = {isa = PBXBuildFile; fileRef = 8991D7AA1E5360F300D7C69E /* NewsViewController.swift */; };
/* End PBXBuildFile section */

/* Begin PBXFileReference section */
		8991D7931E535EE700D7C69E /* 20170214 Stretch My Header.app */ = {isa = PBXFileReference; explicitFileType = wrapper.application; includeInIndex = 0; path = "20170214 Stretch My Header.app"; sourceTree = BUILT_PRODUCTS_DIR; };
		8991D7961E535EE700D7C69E /* AppDelegate.swift */ = {isa = PBXFileReference; lastKnownFileType = sourcecode.swift; path = AppDelegate.swift; sourceTree = "<group>"; };
		8991D79B1E535EE700D7C69E /* Base */ = {isa = PBXFileReference; lastKnownFileType = file.storyboard; name = Base; path = Base.lproj/Main.storyboard; sourceTree = "<group>"; };
		8991D79D1E535EE700D7C69E /* Assets.xcassets */ = {isa = PBXFileReference; lastKnownFileType = folder.assetcatalog; path = Assets.xcassets; sourceTree = "<group>"; };
		8991D7A01E535EE700D7C69E /* Base */ = {isa = PBXFileReference; lastKnownFileType = file.storyboard; name = Base; path = Base.lproj/LaunchScreen.storyboard; sourceTree = "<group>"; };
		8991D7A21E535EE700D7C69E /* Info.plist */ = {isa = PBXFileReference; lastKnownFileType = text.plist.xml; path = Info.plist; sourceTree = "<group>"; };
		8991D7A81E535F6C00D7C69E /* NewsTableViewCell.swift */ = {isa = PBXFileReference; fileEncoding = 4; lastKnownFileType = sourcecode.swift; path = NewsTableViewCell.swift; sourceTree = "<group>"; };
		8991D7AA1E5360F300D7C69E /* NewsViewController.swift */ = {isa = PBXFileReference; fileEncoding = 4; lastKnownFileType = sourcecode.swift; path = NewsViewController.swift; sourceTree = "<group>"; };
/* End PBXFileReference section */

/* Begin PBXFrameworksBuildPhase section */
		8991D7901E535EE700D7C69E /* Frameworks */ = {
			isa = PBXFrameworksBuildPhase;
			buildActionMask = 2147483647;
			files = (
			);
			runOnlyForDeploymentPostprocessing = 0;
		};
/* End PBXFrameworksBuildPhase section */

/* Begin PBXGroup section */
		8991D78A1E535EE700D7C69E = {
			isa = PBXGroup;
			children = (
				8991D7951E535EE700D7C69E /* 20170214 Stretch My Header */,
				8991D7941E535EE700D7C69E /* Products */,
			);
			sourceTree = "<group>";
		};
		8991D7941E535EE700D7C69E /* Products */ = {
			isa = PBXGroup;
			children = (
				8991D7931E535EE700D7C69E /* 20170214 Stretch My Header.app */,
			);
			name = Products;
			sourceTree = "<group>";
		};
		8991D7951E535EE700D7C69E /* 20170214 Stretch My Header */ = {
			isa = PBXGroup;
			children = (
				8991D7961E535EE700D7C69E /* AppDelegate.swift */,
				8991D7AA1E5360F300D7C69E /* NewsViewController.swift */,
				8991D7A81E535F6C00D7C69E /* NewsTableViewCell.swift */,
				8991D79A1E535EE700D7C69E /* Main.storyboard */,
				8991D79D1E535EE700D7C69E /* Assets.xcassets */,
				8991D79F1E535EE700D7C69E /* LaunchScreen.storyboard */,
				8991D7A21E535EE700D7C69E /* Info.plist */,
			);
			path = "20170214 Stretch My Header";
			sourceTree = "<group>";
		};
/* End PBXGroup section */

/* Begin PBXNativeTarget section */
		8991D7921E535EE700D7C69E /* 20170214 Stretch My Header */ = {
			isa = PBXNativeTarget;
			buildConfigurationList = 8991D7A51E535EE700D7C69E /* Build configuration list for PBXNativeTarget "20170214 Stretch My Header" */;
			buildPhases = (
				8991D78F1E535EE700D7C69E /* Sources */,
				8991D7901E535EE700D7C69E /* Frameworks */,
				8991D7911E535EE700D7C69E /* Resources */,
			);
			buildRules = (
			);
			dependencies = (
			);
			name = "20170214 Stretch My Header";
			productName = "20170214 Stretch My Header";
			productReference = 8991D7931E535EE700D7C69E /* 20170214 Stretch My Header.app */;
			productType = "com.apple.product-type.application";
		};
/* End PBXNativeTarget section */

/* Begin PBXProject section */
		8991D78B1E535EE700D7C69E /* Project object */ = {
			isa = PBXProject;
			attributes = {
				LastSwiftUpdateCheck = 0820;
				LastUpgradeCheck = 0820;
				ORGANIZATIONNAME = "Minhung Ling";
				TargetAttributes = {
					8991D7921E535EE700D7C69E = {
						CreatedOnToolsVersion = 8.2.1;
						ProvisioningStyle = Automatic;
					};
				};
			};
			buildConfigurationList = 8991D78E1E535EE700D7C69E /* Build configuration list for PBXProject "20170214 Stretch My Header" */;
			compatibilityVersion = "Xcode 3.2";
			developmentRegion = English;
			hasScannedForEncodings = 0;
			knownRegions = (
				en,
				Base,
			);
			mainGroup = 8991D78A1E535EE700D7C69E;
			productRefGroup = 8991D7941E535EE700D7C69E /* Products */;
			projectDirPath = "";
			projectRoot = "";
			targets = (
				8991D7921E535EE700D7C69E /* 20170214 Stretch My Header */,
			);
		};
/* End PBXProject section */

/* Begin PBXResourcesBuildPhase section */
		8991D7911E535EE700D7C69E /* Resources */ = {
			isa = PBXResourcesBuildPhase;
			buildActionMask = 2147483647;
			files = (
				8991D7A11E535EE700D7C69E /* LaunchScreen.storyboard in Resources */,
				8991D79E1E535EE700D7C69E /* Assets.xcassets in Resources */,
				8991D79C1E535EE700D7C69E /* Main.storyboard in Resources */,
			);
			runOnlyForDeploymentPostprocessing = 0;
		};
/* End PBXResourcesBuildPhase section */

/* Begin PBXSourcesBuildPhase section */
		8991D78F1E535EE700D7C69E /* Sources */ = {
			isa = PBXSourcesBuildPhase;
			buildActionMask = 2147483647;
			files = (
				8991D7971E535EE700D7C69E /* AppDelegate.swift in Sources */,
				8991D7A91E535F6C00D7C69E /* NewsTableViewCell.swift in Sources */,
				8991D7AB1E5360F300D7C69E /* NewsViewController.swift in Sources */,
			);
			runOnlyForDeploymentPostprocessing = 0;
		};
/* End PBXSourcesBuildPhase section */

/* Begin PBXVariantGroup section */
		8991D79A1E535EE700D7C69E /* Main.storyboard */ = {
			isa = PBXVariantGroup;
			children = (
				8991D79B1E535EE700D7C69E /* Base */,
			);
			name = Main.storyboard;
			sourceTree = "<group>";
		};
		8991D79F1E535EE700D7C69E /* LaunchScreen.storyboard */ = {
			isa = PBXVariantGroup;
			children = (
				8991D7A01E535EE700D7C69E /* Base */,
			);
			name = LaunchScreen.storyboard;
			sourceTree = "<group>";
		};
/* End PBXVariantGroup section */

/* Begin XCBuildConfiguration section */
		8991D7A31E535EE700D7C69E /* Debug */ = {
			isa = XCBuildConfiguration;
			buildSettings = {
				ALWAYS_SEARCH_USER_PATHS = NO;
				CLANG_ANALYZER_NONNULL = YES;
				CLANG_CXX_LANGUAGE_STANDARD = "gnu++0x";
				CLANG_CXX_LIBRARY = "libc++";
				CLANG_ENABLE_MODULES = YES;
				CLANG_ENABLE_OBJC_ARC = YES;
				CLANG_WARN_BOOL_CONVERSION = YES;
				CLANG_WARN_CONSTANT_CONVERSION = YES;
				CLANG_WARN_DIRECT_OBJC_ISA_USAGE = YES_ERROR;
				CLANG_WARN_DOCUMENTATION_COMMENTS = YES;
				CLANG_WARN_EMPTY_BODY = YES;
				CLANG_WARN_ENUM_CONVERSION = YES;
				CLANG_WARN_INFINITE_RECURSION = YES;
				CLANG_WARN_INT_CONVERSION = YES;
				CLANG_WARN_OBJC_ROOT_CLASS = YES_ERROR;
				CLANG_WARN_SUSPICIOUS_MOVE = YES;
				CLANG_WARN_UNREACHABLE_CODE = YES;
				CLANG_WARN__DUPLICATE_METHOD_MATCH = YES;
				"CODE_SIGN_IDENTITY[sdk=iphoneos*]" = "iPhone Developer";
				COPY_PHASE_STRIP = NO;
				DEBUG_INFORMATION_FORMAT = dwarf;
				ENABLE_STRICT_OBJC_MSGSEND = YES;
				ENABLE_TESTABILITY = YES;
				GCC_C_LANGUAGE_STANDARD = gnu99;
				GCC_DYNAMIC_NO_PIC = NO;
				GCC_NO_COMMON_BLOCKS = YES;
				GCC_OPTIMIZATION_LEVEL = 0;
				GCC_PREPROCESSOR_DEFINITIONS = (
					"DEBUG=1",
					"$(inherited)",
				);
				GCC_WARN_64_TO_32_BIT_CONVERSION = YES;
				GCC_WARN_ABOUT_RETURN_TYPE = YES_ERROR;
				GCC_WARN_UNDECLARED_SELECTOR = YES;
				GCC_WARN_UNINITIALIZED_AUTOS = YES_AGGRESSIVE;
				GCC_WARN_UNUSED_FUNCTION = YES;
				GCC_WARN_UNUSED_VARIABLE = YES;
				IPHONEOS_DEPLOYMENT_TARGET = 10.2;
				MTL_ENABLE_DEBUG_INFO = YES;
				ONLY_ACTIVE_ARCH = YES;
				SDKROOT = iphoneos;
				SWIFT_ACTIVE_COMPILATION_CONDITIONS = DEBUG;
				SWIFT_OPTIMIZATION_LEVEL = "-Onone";
				TARGETED_DEVICE_FAMILY = "1,2";
			};
			name = Debug;
		};
		8991D7A41E535EE700D7C69E /* Release */ = {
			isa = XCBuildConfiguration;
			buildSettings = {
				ALWAYS_SEARCH_USER_PATHS = NO;
				CLANG_ANALYZER_NONNULL = YES;
				CLANG_CXX_LANGUAGE_STANDARD = "gnu++0x";
				CLANG_CXX_LIBRARY = "libc++";
				CLANG_ENABLE_MODULES = YES;
				CLANG_ENABLE_OBJC_ARC = YES;
				CLANG_WARN_BOOL_CONVERSION = YES;
				CLANG_WARN_CONSTANT_CONVERSION = YES;
				CLANG_WARN_DIRECT_OBJC_ISA_USAGE = YES_ERROR;
				CLANG_WARN_DOCUMENTATION_COMMENTS = YES;
				CLANG_WARN_EMPTY_BODY = YES;
				CLANG_WARN_ENUM_CONVERSION = YES;
				CLANG_WARN_INFINITE_RECURSION = YES;
				CLANG_WARN_INT_CONVERSION = YES;
				CLANG_WARN_OBJC_ROOT_CLASS = YES_ERROR;
				CLANG_WARN_SUSPICIOUS_MOVE = YES;
				CLANG_WARN_UNREACHABLE_CODE = YES;
				CLANG_WARN__DUPLICATE_METHOD_MATCH = YES;
				"CODE_SIGN_IDENTITY[sdk=iphoneos*]" = "iPhone Developer";
				COPY_PHASE_STRIP = NO;
				DEBUG_INFORMATION_FORMAT = "dwarf-with-dsym";
				ENABLE_NS_ASSERTIONS = NO;
				ENABLE_STRICT_OBJC_MSGSEND = YES;
				GCC_C_LANGUAGE_STANDARD = gnu99;
				GCC_NO_COMMON_BLOCKS = YES;
				GCC_WARN_64_TO_32_BIT_CONVERSION = YES;
				GCC_WARN_ABOUT_RETURN_TYPE = YES_ERROR;
				GCC_WARN_UNDECLARED_SELECTOR = YES;
				GCC_WARN_UNINITIALIZED_AUTOS = YES_AGGRESSIVE;
				GCC_WARN_UNUSED_FUNCTION = YES;
				GCC_WARN_UNUSED_VARIABLE = YES;
				IPHONEOS_DEPLOYMENT_TARGET = 10.2;
				MTL_ENABLE_DEBUG_INFO = NO;
				SDKROOT = iphoneos;
				SWIFT_OPTIMIZATION_LEVEL = "-Owholemodule";
				TARGETED_DEVICE_FAMILY = "1,2";
				VALIDATE_PRODUCT = YES;
			};
			name = Release;
		};
		8991D7A61E535EE700D7C69E /* Debug */ = {
			isa = XCBuildConfiguration;
			buildSettings = {
				ASSETCATALOG_COMPILER_APPICON_NAME = AppIcon;
				INFOPLIST_FILE = "20170214 Stretch My Header/Info.plist";
				LD_RUNPATH_SEARCH_PATHS = "$(inherited) @executable_path/Frameworks";
				PRODUCT_BUNDLE_IDENTIFIER = "mling.-0170214-Stretch-My-Header";
				PRODUCT_NAME = "$(TARGET_NAME)";
				SWIFT_VERSION = 3.0;
			};
			name = Debug;
		};
		8991D7A71E535EE700D7C69E /* Release */ = {
			isa = XCBuildConfiguration;
			buildSettings = {
				ASSETCATALOG_COMPILER_APPICON_NAME = AppIcon;
				INFOPLIST_FILE = "20170214 Stretch My Header/Info.plist";
				LD_RUNPATH_SEARCH_PATHS = "$(inherited) @executable_path/Frameworks";
				PRODUCT_BUNDLE_IDENTIFIER = "mling.-0170214-Stretch-My-Header";
				PRODUCT_NAME = "$(TARGET_NAME)";
				SWIFT_VERSION = 3.0;
			};
			name = Release;
		};
/* End XCBuildConfiguration section */

/* Begin XCConfigurationList section */
		8991D78E1E535EE700D7C69E /* Build configuration list for PBXProject "20170214 Stretch My Header" */ = {
			isa = XCConfigurationList;
			buildConfigurations = (
				8991D7A31E535EE700D7C69E /* Debug */,
				8991D7A41E535EE700D7C69E /* Release */,
			);
			defaultConfigurationIsVisible = 0;
			defaultConfigurationName = Release;
		};
		8991D7A51E535EE700D7C69E /* Build configuration list for PBXNativeTarget "20170214 Stretch My Header" */ = {
			isa = XCConfigurationList;
			buildConfigurations = (
				8991D7A61E535EE700D7C69E /* Debug */,
				8991D7A71E535EE700D7C69E /* Release */,
			);
			defaultConfigurationIsVisible = 0;
		};
/* End XCConfigurationList section */
	};
	rootObject = 8991D78B1E535EE700D7C69E /* Project object */;
}
